
Microsoft Visual Studio Solution File, Format Version 12.00
# Visual Studio Version 16
VisualStudioVersion = 16.0.29230.47
MinimumVisualStudioVersion = 10.0.40219.1
Project("{FAE04EC0-301F-11D3-BF4B-00C04F79EFBC}") = "RTO1", "RTO1\RTO1.csproj", "{8B58478F-8F20-4611-83C1-3313D2E05792}"
EndProject
Global
	GlobalSection(SolutionConfigurationPlatforms) = preSolution
		Debug|Any CPU = Debug|Any CPU
		Release|Any CPU = Release|Any CPU
	EndGlobalSection
	GlobalSection(ProjectConfigurationPlatforms) = postSolution
		{8B58478F-8F20-4611-83C1-3313D2E05792}.Debug|Any CPU.ActiveCfg = Debug|Any CPU
		{8B58478F-8F20-4611-83C1-3313D2E05792}.Debug|Any CPU.Build.0 = Debug|Any CPU
		{8B58478F-8F20-4611-83C1-3313D2E05792}.Release|Any CPU.ActiveCfg = Release|Any CPU
		{8B58478F-8F20-4611-83C1-3313D2E05792}.Release|Any CPU.Build.0 = Release|Any CPU
	EndGlobalSection
	GlobalSection(SolutionProperties) = preSolution
		HideSolutionNode = FALSE
	EndGlobalSection
	GlobalSection(ExtensibilityGlobals) = postSolution
		SolutionGuid = {E0B59316-0DC3-46F8-BB18-9AD2AB07CCFB}
	EndGlobalSection
EndGlobal
